
Microsoft Visual Studio Solution File, Format Version 12.00
# Visual Studio 15
VisualStudioVersion = 15.0.27130.2010
MinimumVisualStudioVersion = 10.0.40219.1
Project("{FAE04EC0-301F-11D3-BF4B-00C04F79EFBC}") = "XamarinMastering.Android", "XamarinMastering\XamarinMastering.Android\XamarinMastering.Android.csproj", "{D7DE3281-4403-4583-9932-12DF1E1BC465}"
EndProject
Project("{FAE04EC0-301F-11D3-BF4B-00C04F79EFBC}") = "XamarinMastering.iOS", "XamarinMastering\XamarinMastering.iOS\XamarinMastering.iOS.csproj", "{8F7E0572-85AD-4D97-98FD-16CBBD930250}"
EndProject
Project("{FAE04EC0-301F-11D3-BF4B-00C04F79EFBC}") = "XamarinMastering.UWP", "XamarinMastering\XamarinMastering.UWP\XamarinMastering.UWP.csproj", "{898D08EE-3626-4ACF-85D2-FA65DF07164F}"
EndProject
Project("{FAE04EC0-301F-11D3-BF4B-00C04F79EFBC}") = "XamarinMastering", "XamarinMastering\XamarinMastering\XamarinMastering.csproj", "{39FE9FB7-0858-4715-8982-8614640E3E5B}"
EndProject
Global
	GlobalSection(SolutionConfigurationPlatforms) = preSolution
		Ad-Hoc|Any CPU = Ad-Hoc|Any CPU
		Ad-Hoc|ARM = Ad-Hoc|ARM
		Ad-Hoc|iPhone = Ad-Hoc|iPhone
		Ad-Hoc|iPhoneSimulator = Ad-Hoc|iPhoneSimulator
		Ad-Hoc|x64 = Ad-Hoc|x64
		Ad-Hoc|x86 = Ad-Hoc|x86
		AppStore|Any CPU = AppStore|Any CPU
		AppStore|ARM = AppStore|ARM
		AppStore|iPhone = AppStore|iPhone
		AppStore|iPhoneSimulator = AppStore|iPhoneSimulator
		AppStore|x64 = AppStore|x64
		AppStore|x86 = AppStore|x86
		Debug|Any CPU = Debug|Any CPU
		Debug|ARM = Debug|ARM
		Debug|iPhone = Debug|iPhone
		Debug|iPhoneSimulator = Debug|iPhoneSimulator
		Debug|x64 = Debug|x64
		Debug|x86 = Debug|x86
		Release|Any CPU = Release|Any CPU
		Release|ARM = Release|ARM
		Release|iPhone = Release|iPhone
		Release|iPhoneSimulator = Release|iPhoneSimulator
		Release|x64 = Release|x64
		Release|x86 = Release|x86
	EndGlobalSection
	GlobalSection(ProjectConfigurationPlatforms) = postSolution
		{D7DE3281-4403-4583-9932-12DF1E1BC465}.Ad-Hoc|Any CPU.ActiveCfg = Release|Any CPU
		{D7DE3281-4403-4583-9932-12DF1E1BC465}.Ad-Hoc|Any CPU.Build.0 = Release|Any CPU
		{D7DE3281-4403-4583-9932-12DF1E1BC465}.Ad-Hoc|Any CPU.Deploy.0 = Release|Any CPU
		{D7DE3281-4403-4583-9932-12DF1E1BC465}.Ad-Hoc|ARM.ActiveCfg = Release|Any CPU
		{D7DE3281-4403-4583-9932-12DF1E1BC465}.Ad-Hoc|ARM.Build.0 = Release|Any CPU
		{D7DE3281-4403-4583-9932-12DF1E1BC465}.Ad-Hoc|ARM.Deploy.0 = Release|Any CPU
		{D7DE3281-4403-4583-9932-12DF1E1BC465}.Ad-Hoc|iPhone.ActiveCfg = Release|Any CPU
		{D7DE3281-4403-4583-9932-12DF1E1BC465}.Ad-Hoc|iPhone.Build.0 = Release|Any CPU
		{D7DE3281-4403-4583-9932-12DF1E1BC465}.Ad-Hoc|iPhone.Deploy.0 = Release|Any CPU
		{D7DE3281-4403-4583-9932-12DF1E1BC465}.Ad-Hoc|iPhoneSimulator.ActiveCfg = Release|Any CPU
		{D7DE3281-4403-4583-9932-12DF1E1BC465}.Ad-Hoc|iPhoneSimulator.Build.0 = Release|Any CPU
		{D7DE3281-4403-4583-9932-12DF1E1BC465}.Ad-Hoc|iPhoneSimulator.Deploy.0 = Release|Any CPU
		{D7DE3281-4403-4583-9932-12DF1E1BC465}.Ad-Hoc|x64.ActiveCfg = Release|Any CPU
		{D7DE3281-4403-4583-9932-12DF1E1BC465}.Ad-Hoc|x64.Build.0 = Release|Any CPU
		{D7DE3281-4403-4583-9932-12DF1E1BC465}.Ad-Hoc|x64.Deploy.0 = Release|Any CPU
		{D7DE3281-4403-4583-9932-12DF1E1BC465}.Ad-Hoc|x86.ActiveCfg = Release|Any CPU
		{D7DE3281-4403-4583-9932-12DF1E1BC465}.Ad-Hoc|x86.Build.0 = Release|Any CPU
		{D7DE3281-4403-4583-9932-12DF1E1BC465}.Ad-Hoc|x86.Deploy.0 = Release|Any CPU
		{D7DE3281-4403-4583-9932-12DF1E1BC465}.AppStore|Any CPU.ActiveCfg = Release|Any CPU
		{D7DE3281-4403-4583-9932-12DF1E1BC465}.AppStore|Any CPU.Build.0 = Release|Any CPU
		{D7DE3281-4403-4583-9932-12DF1E1BC465}.AppStore|Any CPU.Deploy.0 = Release|Any CPU
		{D7DE3281-4403-4583-9932-12DF1E1BC465}.AppStore|ARM.ActiveCfg = Release|Any CPU
		{D7DE3281-4403-4583-9932-12DF1E1BC465}.AppStore|ARM.Build.0 = Release|Any CPU
		{D7DE3281-4403-4583-9932-12DF1E1BC465}.AppStore|ARM.Deploy.0 = Release|Any CPU
		{D7DE3281-4403-4583-9932-12DF1E1BC465}.AppStore|iPhone.ActiveCfg = Release|Any CPU
		{D7DE3281-4403-4583-9932-12DF1E1BC465}.AppStore|iPhone.Build.0 = Release|Any CPU
		{D7DE3281-4403-4583-9932-12DF1E1BC465}.AppStore|iPhone.Deploy.0 = Release|Any CPU
		{D7DE3281-4403-4583-9932-12DF1E1BC465}.AppStore|iPhoneSimulator.ActiveCfg = Release|Any CPU
		{D7DE3281-4403-4583-9932-12DF1E1BC465}.AppStore|iPhoneSimulator.Build.0 = Release|Any CPU
		{D7DE3281-4403-4583-9932-12DF1E1BC465}.AppStore|iPhoneSimulator.Deploy.0 = Release|Any CPU
		{D7DE3281-4403-4583-9932-12DF1E1BC465}.AppStore|x64.ActiveCfg = Release|Any CPU
		{D7DE3281-4403-4583-9932-12DF1E1BC465}.AppStore|x64.Build.0 = Release|Any CPU
		{D7DE3281-4403-4583-9932-12DF1E1BC465}.AppStore|x64.Deploy.0 = Release|Any CPU
		{D7DE3281-4403-4583-9932-12DF1E1BC465}.AppStore|x86.ActiveCfg = Release|Any CPU
		{D7DE3281-4403-4583-9932-12DF1E1BC465}.AppStore|x86.Build.0 = Release|Any CPU
		{D7DE3281-4403-4583-9932-12DF1E1BC465}.AppStore|x86.Deploy.0 = Release|Any CPU
		{D7DE3281-4403-4583-9932-12DF1E1BC465}.Debug|Any CPU.ActiveCfg = Debug|Any CPU
		{D7DE3281-4403-4583-9932-12DF1E1BC465}.Debug|Any CPU.Build.0 = Debug|Any CPU
		{D7DE3281-4403-4583-9932-12DF1E1BC465}.Debug|Any CPU.Deploy.0 = Debug|Any CPU
		{D7DE3281-4403-4583-9932-12DF1E1BC465}.Debug|ARM.ActiveCfg = Debug|Any CPU
		{D7DE3281-4403-4583-9932-12DF1E1BC465}.Debug|ARM.Build.0 = Debug|Any CPU
		{D7DE3281-4403-4583-9932-12DF1E1BC465}.Debug|ARM.Deploy.0 = Debug|Any CPU
		{D7DE3281-4403-4583-9932-12DF1E1BC465}.Debug|iPhone.ActiveCfg = Debug|Any CPU
		{D7DE3281-4403-4583-9932-12DF1E1BC465}.Debug|iPhone.Build.0 = Debug|Any CPU
		{D7DE3281-4403-4583-9932-12DF1E1BC465}.Debug|iPhone.Deploy.0 = Debug|Any CPU
		{D7DE3281-4403-4583-9932-12DF1E1BC465}.Debug|iPhoneSimulator.ActiveCfg = Debug|Any CPU
		{D7DE3281-4403-4583-9932-12DF1E1BC465}.Debug|iPhoneSimulator.Build.0 = Debug|Any CPU
		{D7DE3281-4403-4583-9932-12DF1E1BC465}.Debug|iPhoneSimulator.Deploy.0 = Debug|Any CPU
		{D7DE3281-4403-4583-9932-12DF1E1BC465}.Debug|x64.ActiveCfg = Debug|Any CPU
		{D7DE3281-4403-4583-9932-12DF1E1BC465}.Debug|x64.Build.0 = Debug|Any CPU
		{D7DE3281-4403-4583-9932-12DF1E1BC465}.Debug|x64.Deploy.0 = Debug|Any CPU
		{D7DE3281-4403-4583-9932-12DF1E1BC465}.Debug|x86.ActiveCfg = Debug|Any CPU
		{D7DE3281-4403-4583-9932-12DF1E1BC465}.Debug|x86.Build.0 = Debug|Any CPU
		{D7DE3281-4403-4583-9932-12DF1E1BC465}.Debug|x86.Deploy.0 = Debug|Any CPU
		{D7DE3281-4403-4583-9932-12DF1E1BC465}.Release|Any CPU.ActiveCfg = Release|Any CPU
		{D7DE3281-4403-4583-9932-12DF1E1BC465}.Release|Any CPU.Build.0 = Release|Any CPU
		{D7DE3281-4403-4583-9932-12DF1E1BC465}.Release|Any CPU.Deploy.0 = Release|Any CPU
		{D7DE3281-4403-4583-9932-12DF1E1BC465}.Release|ARM.ActiveCfg = Release|Any CPU
		{D7DE3281-4403-4583-9932-12DF1E1BC465}.Release|ARM.Build.0 = Release|Any CPU
		{D7DE3281-4403-4583-9932-12DF1E1BC465}.Release|ARM.Deploy.0 = Release|Any CPU
		{D7DE3281-4403-4583-9932-12DF1E1BC465}.Release|iPhone.ActiveCfg = Release|Any CPU
		{D7DE3281-4403-4583-9932-12DF1E1BC465}.Release|iPhone.Build.0 = Release|Any CPU
		{D7DE3281-4403-4583-9932-12DF1E1BC465}.Release|iPhone.Deploy.0 = Release|Any CPU
		{D7DE3281-4403-4583-9932-12DF1E1BC465}.Release|iPhoneSimulator.ActiveCfg = Release|Any CPU
		{D7DE3281-4403-4583-9932-12DF1E1BC465}.Release|iPhoneSimulator.Build.0 = Release|Any CPU
		{D7DE3281-4403-4583-9932-12DF1E1BC465}.Release|iPhoneSimulator.Deploy.0 = Release|Any CPU
		{D7DE3281-4403-4583-9932-12DF1E1BC465}.Release|x64.ActiveCfg = Release|Any CPU
		{D7DE3281-4403-4583-9932-12DF1E1BC465}.Release|x64.Build.0 = Release|Any CPU
		{D7DE3281-4403-4583-9932-12DF1E1BC465}.Release|x64.Deploy.0 = Release|Any CPU
		{D7DE3281-4403-4583-9932-12DF1E1BC465}.Release|x86.ActiveCfg = Release|Any CPU
		{D7DE3281-4403-4583-9932-12DF1E1BC465}.Release|x86.Build.0 = Release|Any CPU
		{D7DE3281-4403-4583-9932-12DF1E1BC465}.Release|x86.Deploy.0 = Release|Any CPU
		{8F7E0572-85AD-4D97-98FD-16CBBD930250}.Ad-Hoc|Any CPU.ActiveCfg = Ad-Hoc|iPhone
		{8F7E0572-85AD-4D97-98FD-16CBBD930250}.Ad-Hoc|ARM.ActiveCfg = Ad-Hoc|iPhone
		{8F7E0572-85AD-4D97-98FD-16CBBD930250}.Ad-Hoc|iPhone.ActiveCfg = Ad-Hoc|iPhone
		{8F7E0572-85AD-4D97-98FD-16CBBD930250}.Ad-Hoc|iPhone.Build.0 = Ad-Hoc|iPhone
		{8F7E0572-85AD-4D97-98FD-16CBBD930250}.Ad-Hoc|iPhoneSimulator.ActiveCfg = Ad-Hoc|iPhoneSimulator
		{8F7E0572-85AD-4D97-98FD-16CBBD930250}.Ad-Hoc|iPhoneSimulator.Build.0 = Ad-Hoc|iPhoneSimulator
		{8F7E0572-85AD-4D97-98FD-16CBBD930250}.Ad-Hoc|x64.ActiveCfg = Ad-Hoc|iPhone
		{8F7E0572-85AD-4D97-98FD-16CBBD930250}.Ad-Hoc|x86.ActiveCfg = Ad-Hoc|iPhone
		{8F7E0572-85AD-4D97-98FD-16CBBD930250}.AppStore|Any CPU.ActiveCfg = AppStore|iPhone
		{8F7E0572-85AD-4D97-98FD-16CBBD930250}.AppStore|ARM.ActiveCfg = AppStore|iPhone
		{8F7E0572-85AD-4D97-98FD-16CBBD930250}.AppStore|iPhone.ActiveCfg = AppStore|iPhone
		{8F7E0572-85AD-4D97-98FD-16CBBD930250}.AppStore|iPhone.Build.0 = AppStore|iPhone
		{8F7E0572-85AD-4D97-98FD-16CBBD930250}.AppStore|iPhoneSimulator.ActiveCfg = AppStore|iPhoneSimulator
		{8F7E0572-85AD-4D97-98FD-16CBBD930250}.AppStore|iPhoneSimulator.Build.0 = AppStore|iPhoneSimulator
		{8F7E0572-85AD-4D97-98FD-16CBBD930250}.AppStore|x64.ActiveCfg = AppStore|iPhone
		{8F7E0572-85AD-4D97-98FD-16CBBD930250}.AppStore|x86.ActiveCfg = AppStore|iPhone
		{8F7E0572-85AD-4D97-98FD-16CBBD930250}.Debug|Any CPU.ActiveCfg = Debug|iPhone
		{8F7E0572-85AD-4D97-98FD-16CBBD930250}.Debug|ARM.ActiveCfg = Debug|iPhone
		{8F7E0572-85AD-4D97-98FD-16CBBD930250}.Debug|iPhone.ActiveCfg = Debug|iPhone
		{8F7E0572-85AD-4D97-98FD-16CBBD930250}.Debug|iPhone.Build.0 = Debug|iPhone
		{8F7E0572-85AD-4D97-98FD-16CBBD930250}.Debug|iPhoneSimulator.ActiveCfg = Debug|iPhoneSimulator
		{8F7E0572-85AD-4D97-98FD-16CBBD930250}.Debug|iPhoneSimulator.Build.0 = Debug|iPhoneSimulator
		{8F7E0572-85AD-4D97-98FD-16CBBD930250}.Debug|x64.ActiveCfg = Debug|iPhone
		{8F7E0572-85AD-4D97-98FD-16CBBD930250}.Debug|x86.ActiveCfg = Debug|iPhone
		{8F7E0572-85AD-4D97-98FD-16CBBD930250}.Release|Any CPU.ActiveCfg = Release|iPhone
		{8F7E0572-85AD-4D97-98FD-16CBBD930250}.Release|ARM.ActiveCfg = Release|iPhone
		{8F7E0572-85AD-4D97-98FD-16CBBD930250}.Release|iPhone.ActiveCfg = Release|iPhone
		{8F7E0572-85AD-4D97-98FD-16CBBD930250}.Release|iPhone.Build.0 = Release|iPhone
		{8F7E0572-85AD-4D97-98FD-16CBBD930250}.Release|iPhoneSimulator.ActiveCfg = Release|iPhoneSimulator
		{8F7E0572-85AD-4D97-98FD-16CBBD930250}.Release|iPhoneSimulator.Build.0 = Release|iPhoneSimulator
		{8F7E0572-85AD-4D97-98FD-16CBBD930250}.Release|x64.ActiveCfg = Release|iPhone
		{8F7E0572-85AD-4D97-98FD-16CBBD930250}.Release|x86.ActiveCfg = Release|iPhone
		{898D08EE-3626-4ACF-85D2-FA65DF07164F}.Ad-Hoc|Any CPU.ActiveCfg = Release|x86
		{898D08EE-3626-4ACF-85D2-FA65DF07164F}.Ad-Hoc|Any CPU.Build.0 = Release|x86
		{898D08EE-3626-4ACF-85D2-FA65DF07164F}.Ad-Hoc|Any CPU.Deploy.0 = Release|x86
		{898D08EE-3626-4ACF-85D2-FA65DF07164F}.Ad-Hoc|ARM.ActiveCfg = Release|ARM
		{898D08EE-3626-4ACF-85D2-FA65DF07164F}.Ad-Hoc|ARM.Build.0 = Release|ARM
		{898D08EE-3626-4ACF-85D2-FA65DF07164F}.Ad-Hoc|ARM.Deploy.0 = Release|ARM
		{898D08EE-3626-4ACF-85D2-FA65DF07164F}.Ad-Hoc|iPhone.ActiveCfg = Release|x86
		{898D08EE-3626-4ACF-85D2-FA65DF07164F}.Ad-Hoc|iPhone.Build.0 = Release|x86
		{898D08EE-3626-4ACF-85D2-FA65DF07164F}.Ad-Hoc|iPhone.Deploy.0 = Release|x86
		{898D08EE-3626-4ACF-85D2-FA65DF07164F}.Ad-Hoc|iPhoneSimulator.ActiveCfg = Release|x86
		{898D08EE-3626-4ACF-85D2-FA65DF07164F}.Ad-Hoc|iPhoneSimulator.Build.0 = Release|x86
		{898D08EE-3626-4ACF-85D2-FA65DF07164F}.Ad-Hoc|iPhoneSimulator.Deploy.0 = Release|x86
		{898D08EE-3626-4ACF-85D2-FA65DF07164F}.Ad-Hoc|x64.ActiveCfg = Release|x64
		{898D08EE-3626-4ACF-85D2-FA65DF07164F}.Ad-Hoc|x64.Build.0 = Release|x64
		{898D08EE-3626-4ACF-85D2-FA65DF07164F}.Ad-Hoc|x64.Deploy.0 = Release|x64
		{898D08EE-3626-4ACF-85D2-FA65DF07164F}.Ad-Hoc|x86.ActiveCfg = Release|x86
		{898D08EE-3626-4ACF-85D2-FA65DF07164F}.Ad-Hoc|x86.Build.0 = Release|x86
		{898D08EE-3626-4ACF-85D2-FA65DF07164F}.Ad-Hoc|x86.Deploy.0 = Release|x86
		{898D08EE-3626-4ACF-85D2-FA65DF07164F}.AppStore|Any CPU.ActiveCfg = Release|x86
		{898D08EE-3626-4ACF-85D2-FA65DF07164F}.AppStore|Any CPU.Build.0 = Release|x86
		{898D08EE-3626-4ACF-85D2-FA65DF07164F}.AppStore|Any CPU.Deploy.0 = Release|x86
		{898D08EE-3626-4ACF-85D2-FA65DF07164F}.AppStore|ARM.ActiveCfg = Release|ARM
		{898D08EE-3626-4ACF-85D2-FA65DF07164F}.AppStore|ARM.Build.0 = Release|ARM
		{898D08EE-3626-4ACF-85D2-FA65DF07164F}.AppStore|ARM.Deploy.0 = Release|ARM
		{898D08EE-3626-4ACF-85D2-FA65DF07164F}.AppStore|iPhone.ActiveCfg = Release|x86
		{898D08EE-3626-4ACF-85D2-FA65DF07164F}.AppStore|iPhone.Build.0 = Release|x86
		{898D08EE-3626-4ACF-85D2-FA65DF07164F}.AppStore|iPhone.Deploy.0 = Release|x86
		{898D08EE-3626-4ACF-85D2-FA65DF07164F}.AppStore|iPhoneSimulator.ActiveCfg = Release|x86
		{898D08EE-3626-4ACF-85D2-FA65DF07164F}.AppStore|iPhoneSimulator.Build.0 = Release|x86
		{898D08EE-3626-4ACF-85D2-FA65DF07164F}.AppStore|iPhoneSimulator.Deploy.0 = Release|x86
		{898D08EE-3626-4ACF-85D2-FA65DF07164F}.AppStore|x64.ActiveCfg = Release|x64
		{898D08EE-3626-4ACF-85D2-FA65DF07164F}.AppStore|x64.Build.0 = Release|x64
		{898D08EE-3626-4ACF-85D2-FA65DF07164F}.AppStore|x64.Deploy.0 = Release|x64
		{898D08EE-3626-4ACF-85D2-FA65DF07164F}.AppStore|x86.ActiveCfg = Release|x86
		{898D08EE-3626-4ACF-85D2-FA65DF07164F}.AppStore|x86.Build.0 = Release|x86
		{898D08EE-3626-4ACF-85D2-FA65DF07164F}.AppStore|x86.Deploy.0 = Release|x86
		{898D08EE-3626-4ACF-85D2-FA65DF07164F}.Debug|Any CPU.ActiveCfg = Debug|x86
		{898D08EE-3626-4ACF-85D2-FA65DF07164F}.Debug|ARM.ActiveCfg = Debug|ARM
		{898D08EE-3626-4ACF-85D2-FA65DF07164F}.Debug|ARM.Build.0 = Debug|ARM
		{898D08EE-3626-4ACF-85D2-FA65DF07164F}.Debug|ARM.Deploy.0 = Debug|ARM
		{898D08EE-3626-4ACF-85D2-FA65DF07164F}.Debug|iPhone.ActiveCfg = Debug|x86
		{898D08EE-3626-4ACF-85D2-FA65DF07164F}.Debug|iPhoneSimulator.ActiveCfg = Debug|x86
		{898D08EE-3626-4ACF-85D2-FA65DF07164F}.Debug|x64.ActiveCfg = Debug|x64
		{898D08EE-3626-4ACF-85D2-FA65DF07164F}.Debug|x64.Build.0 = Debug|x64
		{898D08EE-3626-4ACF-85D2-FA65DF07164F}.Debug|x64.Deploy.0 = Debug|x64
		{898D08EE-3626-4ACF-85D2-FA65DF07164F}.Debug|x86.ActiveCfg = Debug|x86
		{898D08EE-3626-4ACF-85D2-FA65DF07164F}.Debug|x86.Build.0 = Debug|x86
		{898D08EE-3626-4ACF-85D2-FA65DF07164F}.Debug|x86.Deploy.0 = Debug|x86
		{898D08EE-3626-4ACF-85D2-FA65DF07164F}.Release|Any CPU.ActiveCfg = Release|x86
		{898D08EE-3626-4ACF-85D2-FA65DF07164F}.Release|ARM.ActiveCfg = Release|ARM
		{898D08EE-3626-4ACF-85D2-FA65DF07164F}.Release|ARM.Build.0 = Release|ARM
		{898D08EE-3626-4ACF-85D2-FA65DF07164F}.Release|ARM.Deploy.0 = Release|ARM
		{898D08EE-3626-4ACF-85D2-FA65DF07164F}.Release|iPhone.ActiveCfg = Release|x86
		{898D08EE-3626-4ACF-85D2-FA65DF07164F}.Release|iPhoneSimulator.ActiveCfg = Release|x86
		{898D08EE-3626-4ACF-85D2-FA65DF07164F}.Release|x64.ActiveCfg = Release|x64
		{898D08EE-3626-4ACF-85D2-FA65DF07164F}.Release|x64.Build.0 = Release|x64
		{898D08EE-3626-4ACF-85D2-FA65DF07164F}.Release|x64.Deploy.0 = Release|x64
		{898D08EE-3626-4ACF-85D2-FA65DF07164F}.Release|x86.ActiveCfg = Release|x86
		{898D08EE-3626-4ACF-85D2-FA65DF07164F}.Release|x86.Build.0 = Release|x86
		{898D08EE-3626-4ACF-85D2-FA65DF07164F}.Release|x86.Deploy.0 = Release|x86
		{39FE9FB7-0858-4715-8982-8614640E3E5B}.Ad-Hoc|Any CPU.ActiveCfg = Debug|Any CPU
		{39FE9FB7-0858-4715-8982-8614640E3E5B}.Ad-Hoc|Any CPU.Build.0 = Debug|Any CPU
		{39FE9FB7-0858-4715-8982-8614640E3E5B}.Ad-Hoc|ARM.ActiveCfg = Debug|Any CPU
		{39FE9FB7-0858-4715-8982-8614640E3E5B}.Ad-Hoc|ARM.Build.0 = Debug|Any CPU
		{39FE9FB7-0858-4715-8982-8614640E3E5B}.Ad-Hoc|iPhone.ActiveCfg = Debug|Any CPU
		{39FE9FB7-0858-4715-8982-8614640E3E5B}.Ad-Hoc|iPhone.Build.0 = Debug|Any CPU
		{39FE9FB7-0858-4715-8982-8614640E3E5B}.Ad-Hoc|iPhoneSimulator.ActiveCfg = Debug|Any CPU
		{39FE9FB7-0858-4715-8982-8614640E3E5B}.Ad-Hoc|iPhoneSimulator.Build.0 = Debug|Any CPU
		{39FE9FB7-0858-4715-8982-8614640E3E5B}.Ad-Hoc|x64.ActiveCfg = Debug|Any CPU
		{39FE9FB7-0858-4715-8982-8614640E3E5B}.Ad-Hoc|x64.Build.0 = Debug|Any CPU
		{39FE9FB7-0858-4715-8982-8614640E3E5B}.Ad-Hoc|x86.ActiveCfg = Debug|Any CPU
		{39FE9FB7-0858-4715-8982-8614640E3E5B}.Ad-Hoc|x86.Build.0 = Debug|Any CPU
		{39FE9FB7-0858-4715-8982-8614640E3E5B}.AppStore|Any CPU.ActiveCfg = Debug|Any CPU
		{39FE9FB7-0858-4715-8982-8614640E3E5B}.AppStore|Any CPU.Build.0 = Debug|Any CPU
		{39FE9FB7-0858-4715-8982-8614640E3E5B}.AppStore|ARM.ActiveCfg = Debug|Any CPU
		{39FE9FB7-0858-4715-8982-8614640E3E5B}.AppStore|ARM.Build.0 = Debug|Any CPU
		{39FE9FB7-0858-4715-8982-8614640E3E5B}.AppStore|iPhone.ActiveCfg = Debug|Any CPU
		{39FE9FB7-0858-4715-8982-8614640E3E5B}.AppStore|iPhone.Build.0 = Debug|Any CPU
		{39FE9FB7-0858-4715-8982-8614640E3E5B}.AppStore|iPhoneSimulator.ActiveCfg = Debug|Any CPU
		{39FE9FB7-0858-4715-8982-8614640E3E5B}.AppStore|iPhoneSimulator.Build.0 = Debug|Any CPU
		{39FE9FB7-0858-4715-8982-8614640E3E5B}.AppStore|x64.ActiveCfg = Debug|Any CPU
		{39FE9FB7-0858-4715-8982-8614640E3E5B}.AppStore|x64.Build.0 = Debug|Any CPU
		{39FE9FB7-0858-4715-8982-8614640E3E5B}.AppStore|x86.ActiveCfg = Debug|Any CPU
		{39FE9FB7-0858-4715-8982-8614640E3E5B}.AppStore|x86.Build.0 = Debug|Any CPU
		{39FE9FB7-0858-4715-8982-8614640E3E5B}.Debug|Any CPU.ActiveCfg = Debug|Any CPU
		{39FE9FB7-0858-4715-8982-8614640E3E5B}.Debug|Any CPU.Build.0 = Debug|Any CPU
		{39FE9FB7-0858-4715-8982-8614640E3E5B}.Debug|ARM.ActiveCfg = Debug|Any CPU
		{39FE9FB7-0858-4715-8982-8614640E3E5B}.Debug|ARM.Build.0 = Debug|Any CPU
		{39FE9FB7-0858-4715-8982-8614640E3E5B}.Debug|iPhone.ActiveCfg = Debug|Any CPU
		{39FE9FB7-0858-4715-8982-8614640E3E5B}.Debug|iPhone.Build.0 = Debug|Any CPU
		{39FE9FB7-0858-4715-8982-8614640E3E5B}.Debug|iPhoneSimulator.ActiveCfg = Debug|Any CPU
		{39FE9FB7-0858-4715-8982-8614640E3E5B}.Debug|iPhoneSimulator.Build.0 = Debug|Any CPU
		{39FE9FB7-0858-4715-8982-8614640E3E5B}.Debug|x64.ActiveCfg = Debug|Any CPU
		{39FE9FB7-0858-4715-8982-8614640E3E5B}.Debug|x64.Build.0 = Debug|Any CPU
		{39FE9FB7-0858-4715-8982-8614640E3E5B}.Debug|x86.ActiveCfg = Debug|Any CPU
		{39FE9FB7-0858-4715-8982-8614640E3E5B}.Debug|x86.Build.0 = Debug|Any CPU
		{39FE9FB7-0858-4715-8982-8614640E3E5B}.Release|Any CPU.ActiveCfg = Release|Any CPU
		{39FE9FB7-0858-4715-8982-8614640E3E5B}.Release|Any CPU.Build.0 = Release|Any CPU
		{39FE9FB7-0858-4715-8982-8614640E3E5B}.Release|ARM.ActiveCfg = Release|Any CPU
		{39FE9FB7-0858-4715-8982-8614640E3E5B}.Release|ARM.Build.0 = Release|Any CPU
		{39FE9FB7-0858-4715-8982-8614640E3E5B}.Release|iPhone.ActiveCfg = Release|Any CPU
		{39FE9FB7-0858-4715-8982-8614640E3E5B}.Release|iPhone.Build.0 = Release|Any CPU
		{39FE9FB7-0858-4715-8982-8614640E3E5B}.Release|iPhoneSimulator.ActiveCfg = Release|Any CPU
		{39FE9FB7-0858-4715-8982-8614640E3E5B}.Release|iPhoneSimulator.Build.0 = Release|Any CPU
		{39FE9FB7-0858-4715-8982-8614640E3E5B}.Release|x64.ActiveCfg = Release|Any CPU
		{39FE9FB7-0858-4715-8982-8614640E3E5B}.Release|x64.Build.0 = Release|Any CPU
		{39FE9FB7-0858-4715-8982-8614640E3E5B}.Release|x86.ActiveCfg = Release|Any CPU
		{39FE9FB7-0858-4715-8982-8614640E3E5B}.Release|x86.Build.0 = Release|Any CPU
	EndGlobalSection
	GlobalSection(SolutionProperties) = preSolution
		HideSolutionNode = FALSE
	EndGlobalSection
	GlobalSection(ExtensibilityGlobals) = postSolution
		SolutionGuid = {C3F9FD74-0B15-4E61-B335-2330744350B0}
	EndGlobalSection
EndGlobal
